// !$*UTF8*$!
{
	archiveVersion = 1;
	classes = {
	};
	objectVersion = 56;
	objects = {

/* Begin PBXBuildFile section */
		1201B5722BA2B82C00B86035 /* ActualProjectTestNetwork3862.swift in Sources */ = {isa = PBXBuildFile; fileRef = 1201B5712BA2B82C00B86035 /* ActualProjectTestNetwork3862.swift */; };
		12097A722BA4B09700DACBED /* ActualAllertController.swift in Sources */ = {isa = PBXBuildFile; fileRef = 12097A712BA4B09700DACBED /* ActualAllertController.swift */; };
		12097A782BA56D5600DACBED /* ActualCheckListCustomSwitcher.swift in Sources */ = {isa = PBXBuildFile; fileRef = 12097A772BA56D5600DACBED /* ActualCheckListCustomSwitcher.swift */; };
		120B3BF42BE22EFC00E9462B /* ActualFakeLoaderView.swift in Sources */ = {isa = PBXBuildFile; fileRef = 120B3BF32BE22EFC00E9462B /* ActualFakeLoaderView.swift */; };
		120B3BF62BE2313A00E9462B /* ActualFakeLoader.swift in Sources */ = {isa = PBXBuildFile; fileRef = 120B3BF52BE2313A00E9462B /* ActualFakeLoader.swift */; };
		120EEE462B86673100BE6D3F /* ActualProjectModelConteiner3862.swift in Sources */ = {isa = PBXBuildFile; fileRef = 120EEE452B86673100BE6D3F /* ActualProjectModelConteiner3862.swift */; };
		120EEE512B877B1700BE6D3F /* Gilroy-Bold.ttf in Resources */ = {isa = PBXBuildFile; fileRef = 120EEE502B877B1700BE6D3F /* Gilroy-Bold.ttf */; };
		120EEE532B88777D00BE6D3F /* ActualModesTabViewCellNew.swift in Sources */ = {isa = PBXBuildFile; fileRef = 120EEE522B88777D00BE6D3F /* ActualModesTabViewCellNew.swift */; };
		120EEE552B8889A600BE6D3F /* Gilroy-Extrabold.ttf in Resources */ = {isa = PBXBuildFile; fileRef = 120EEE542B8889A500BE6D3F /* Gilroy-Extrabold.ttf */; };
		120EEE572B888AB800BE6D3F /* Gilroy-Semibold.ttf in Resources */ = {isa = PBXBuildFile; fileRef = 120EEE562B888AB800BE6D3F /* Gilroy-Semibold.ttf */; };
		120EEE592B88B08B00BE6D3F /* Gilroy-Regular.ttf in Resources */ = {isa = PBXBuildFile; fileRef = 120EEE582B88B08B00BE6D3F /* Gilroy-Regular.ttf */; };
		120EEE5B2B88CCF400BE6D3F /* ActualModesInfoViewController.swift in Sources */ = {isa = PBXBuildFile; fileRef = 120EEE5A2B88CCF400BE6D3F /* ActualModesInfoViewController.swift */; };
		120EEE5F2B8C916600BE6D3F /* ActualHeaderViewNew.swift in Sources */ = {isa = PBXBuildFile; fileRef = 120EEE5E2B8C916600BE6D3F /* ActualHeaderViewNew.swift */; };
		12D4321F2BDBE3EF00BD1EC7 /* Gilroy-Heavy.ttf in Resources */ = {isa = PBXBuildFile; fileRef = 12D4321E2BDBE3EF00BD1EC7 /* Gilroy-Heavy.ttf */; };
		12D432202BDBE3EF00BD1EC7 /* Gilroy-Heavy.ttf in Resources */ = {isa = PBXBuildFile; fileRef = 12D4321E2BDBE3EF00BD1EC7 /* Gilroy-Heavy.ttf */; };
		12D432282BDC268100BD1EC7 /* ActualChecklistChecker.swift in Sources */ = {isa = PBXBuildFile; fileRef = 12D432272BDC268100BD1EC7 /* ActualChecklistChecker.swift */; };
		12D432292BDC268100BD1EC7 /* ActualChecklistChecker.swift in Sources */ = {isa = PBXBuildFile; fileRef = 12D432272BDC268100BD1EC7 /* ActualChecklistChecker.swift */; };
		12D4322B2BDCA43700BD1EC7 /* ActualChecklistButton.swift in Sources */ = {isa = PBXBuildFile; fileRef = 12D4322A2BDCA43700BD1EC7 /* ActualChecklistButton.swift */; };
		12D4322C2BDCA43700BD1EC7 /* ActualChecklistButton.swift in Sources */ = {isa = PBXBuildFile; fileRef = 12D4322A2BDCA43700BD1EC7 /* ActualChecklistButton.swift */; };
		12D4322E2BDD1AF200BD1EC7 /* ActualLoaderView.swift in Sources */ = {isa = PBXBuildFile; fileRef = 12D4322D2BDD1AF200BD1EC7 /* ActualLoaderView.swift */; };
		12D4322F2BDD1AF200BD1EC7 /* ActualLoaderView.swift in Sources */ = {isa = PBXBuildFile; fileRef = 12D4322D2BDD1AF200BD1EC7 /* ActualLoaderView.swift */; };
		12D432322BDD486A00BD1EC7 /* ActualCustomUniversalAlertView.swift in Sources */ = {isa = PBXBuildFile; fileRef = 12D432312BDD486A00BD1EC7 /* ActualCustomUniversalAlertView.swift */; };
		12D432332BDD486A00BD1EC7 /* ActualCustomUniversalAlertView.swift in Sources */ = {isa = PBXBuildFile; fileRef = 12D432312BDD486A00BD1EC7 /* ActualCustomUniversalAlertView.swift */; };
		12D432352BDD545700BD1EC7 /* ActualChecklistViewController.swift in Sources */ = {isa = PBXBuildFile; fileRef = 12D432342BDD545700BD1EC7 /* ActualChecklistViewController.swift */; };
		12F217F02B85D41100BCE63B /* ActualExtension.swift in Sources */ = {isa = PBXBuildFile; fileRef = 12F217EF2B85D41100BCE63B /* ActualExtension.swift */; };
		12F217F32B85F03900BCE63B /* ActualMainViewCell.swift in Sources */ = {isa = PBXBuildFile; fileRef = 12F217F22B85F03900BCE63B /* ActualMainViewCell.swift */; };
		12F217F52B85FCE200BCE63B /* ActualMainViewControllerNew.swift in Sources */ = {isa = PBXBuildFile; fileRef = 12F217F42B85FCE200BCE63B /* ActualMainViewControllerNew.swift */; };
		2C0DC3772A8FADF800A03F44 /* Pushwoosh in Frameworks */ = {isa = PBXBuildFile; productRef = 2C0DC3762A8FADF800A03F44 /* Pushwoosh */; };
		2C1CA42D2A8E70B200C89F79 /* ActualServicesManager.swift in Sources */ = {isa = PBXBuildFile; fileRef = 2C1CA3B02A8E70B200C89F79 /* ActualServicesManager.swift */; };
		2C1CA4712A8E714F00C89F79 /* ActualProjectConfiguration3862.swift in Sources */ = {isa = PBXBuildFile; fileRef = 2C1CA4702A8E714F00C89F79 /* ActualProjectConfiguration3862.swift */; };
		2C1CA4742A8E720B00C89F79 /* StoreKit.framework in Frameworks */ = {isa = PBXBuildFile; fileRef = 2C1CA4732A8E720A00C89F79 /* StoreKit.framework */; };
		2C2A20512A7170E1002A6D3C /* ActualAppDelegate.swift in Sources */ = {isa = PBXBuildFile; fileRef = 2C2A20502A7170E1002A6D3C /* ActualAppDelegate.swift */; };
		2C2A20532A7170E1002A6D3C /* SceneDelegate.swift in Sources */ = {isa = PBXBuildFile; fileRef = 2C2A20522A7170E1002A6D3C /* SceneDelegate.swift */; };
		2C2A206F2A727E88002A6D3C /* RealmSwift in Frameworks */ = {isa = PBXBuildFile; productRef = 2C2A206E2A727E88002A6D3C /* RealmSwift */; };
		2C2A20732A7285AA002A6D3C /* ActualProjectMainFlowCoordinator.swift in Sources */ = {isa = PBXBuildFile; fileRef = 2C2A20722A7285AA002A6D3C /* ActualProjectMainFlowCoordinator.swift */; };
		2C2A20762A7286EC002A6D3C /* ActualProjectFlowCoordinator3862.swift in Sources */ = {isa = PBXBuildFile; fileRef = 2C2A20752A7286EC002A6D3C /* ActualProjectFlowCoordinator3862.swift */; };
		2C2A207B2A729267002A6D3C /* ActualMainViewController.swift in Sources */ = {isa = PBXBuildFile; fileRef = 2C2A207A2A729267002A6D3C /* ActualMainViewController.swift */; };
		2C2A207F2A72927E002A6D3C /* ActualMainModel.swift in Sources */ = {isa = PBXBuildFile; fileRef = 2C2A207E2A72927E002A6D3C /* ActualMainModel.swift */; };
		2C2A20812A729337002A6D3C /* ActualNiblessViewController.swift in Sources */ = {isa = PBXBuildFile; fileRef = 2C2A20802A729337002A6D3C /* ActualNiblessViewController.swift */; };
		2C2A20B72A7551E8002A6D3C /* ActualMainTabViewCell3862.swift in Sources */ = {isa = PBXBuildFile; fileRef = 2C2A20B62A7551E8002A6D3C /* ActualMainTabViewCell3862.swift */; };
		2C2A20B92A7556BF002A6D3C /* ActualReusable.swift in Sources */ = {isa = PBXBuildFile; fileRef = 2C2A20B82A7556BF002A6D3C /* ActualReusable.swift */; };
		2C2A20BB2A755AFA002A6D3C /* ActualAutolayout.swift in Sources */ = {isa = PBXBuildFile; fileRef = 2C2A20BA2A755AFA002A6D3C /* ActualAutolayout.swift */; };
		2C2A20BE2A756AD4002A6D3C /* ActualGSViewController.swift in Sources */ = {isa = PBXBuildFile; fileRef = 2C2A20BD2A756AD4002A6D3C /* ActualGSViewController.swift */; };
		2C2A20C02A756AE0002A6D3C /* ActualGSModel.swift in Sources */ = {isa = PBXBuildFile; fileRef = 2C2A20BF2A756AE0002A6D3C /* ActualGSModel.swift */; };
		2C45A5372A76A7550023B3A8 /* ActualGameCheatsViewController.swift in Sources */ = {isa = PBXBuildFile; fileRef = 2C45A5362A76A7550023B3A8 /* ActualGameCheatsViewController.swift */; };
		2C45A5392A76A7620023B3A8 /* ActualGameCheatsModel.swift in Sources */ = {isa = PBXBuildFile; fileRef = 2C45A5382A76A7620023B3A8 /* ActualGameCheatsModel.swift */; };
		2C45A53D2A76A7800023B3A8 /* ActualChecklistModel.swift in Sources */ = {isa = PBXBuildFile; fileRef = 2C45A53C2A76A7800023B3A8 /* ActualChecklistModel.swift */; };
		2C45A5402A76A7A50023B3A8 /* ActualFilterViewController.swift in Sources */ = {isa = PBXBuildFile; fileRef = 2C45A53F2A76A7A50023B3A8 /* ActualFilterViewController.swift */; };
		2C45A5432A771A050023B3A8 /* ActualChecklistCell.swift in Sources */ = {isa = PBXBuildFile; fileRef = 2C45A5422A771A050023B3A8 /* ActualChecklistCell.swift */; };
		2C4F877A2A92DEB9006DC2CD /* ActualModesTabViewCell.swift in Sources */ = {isa = PBXBuildFile; fileRef = 2C4F87792A92DEB9006DC2CD /* ActualModesTabViewCell.swift */; };
		2C51E73A2A8BD5590077C421 /* ActualProjectMissionObject.swift in Sources */ = {isa = PBXBuildFile; fileRef = 2C51E7392A8BD5590077C421 /* ActualProjectMissionObject.swift */; };
		2C5CA6E62A924D78005F9D24 /* ActualModesViewController.swift in Sources */ = {isa = PBXBuildFile; fileRef = 2C5CA6E52A924D78005F9D24 /* ActualModesViewController.swift */; };
		2C5CA6E82A924DFC005F9D24 /* ActualModesModel.swift in Sources */ = {isa = PBXBuildFile; fileRef = 2C5CA6E72A924DFC005F9D24 /* ActualModesModel.swift */; };
		2C5CA6EA2A92514D005F9D24 /* ActualModObject.swift in Sources */ = {isa = PBXBuildFile; fileRef = 2C5CA6E92A92514D005F9D24 /* ActualModObject.swift */; };
		2C7F39F42A7BF09800F575F7 /* ActualHeaderView.swift in Sources */ = {isa = PBXBuildFile; fileRef = 2C7F39F32A7BF09800F575F7 /* ActualHeaderView.swift */; };
		2C7F39F62A7BF0BF00F575F7 /* ActualGameCheatsTabViewCell.swift in Sources */ = {isa = PBXBuildFile; fileRef = 2C7F39F52A7BF0BF00F575F7 /* ActualGameCheatsTabViewCell.swift */; };
		2CA95FF82A84D4210039343E /* ActualCheatsObject.swift in Sources */ = {isa = PBXBuildFile; fileRef = 2CA95FF72A84D4210039343E /* ActualCheatsObject.swift */; };
		2CA95FFC2A8512470039343E /* ActualMainItemObject.swift in Sources */ = {isa = PBXBuildFile; fileRef = 2CA95FFB2A8512470039343E /* ActualMainItemObject.swift */; };
		2CA960002A853F870039343E /* Kingfisher in Frameworks */ = {isa = PBXBuildFile; productRef = 2CA95FFF2A853F870039343E /* Kingfisher */; };
		2CB88FD62A90CAC7006B9301 /* NotificationService.swift in Sources */ = {isa = PBXBuildFile; fileRef = 2CB88FD52A90CAC7006B9301 /* NotificationService.swift */; };
		2CB88FDA2A90CAC7006B9301 /* NotificationService.appex in Embed Foundation Extensions */ = {isa = PBXBuildFile; fileRef = 2CB88FD32A90CAC7006B9301 /* NotificationService.appex */; settings = {ATTRIBUTES = (RemoveHeadersOnCopy, ); }; };
		2CB88FE22A90D16B006B9301 /* AdServices.framework in Frameworks */ = {isa = PBXBuildFile; fileRef = 2CB88FE02A90D169006B9301 /* AdServices.framework */; };
		2CB88FE32A90D16C006B9301 /* AdSupport.framework in Frameworks */ = {isa = PBXBuildFile; fileRef = 2CB88FE12A90D16A006B9301 /* AdSupport.framework */; };
		2CB88FE52A90D174006B9301 /* AppTrackingTransparency.framework in Frameworks */ = {isa = PBXBuildFile; fileRef = 2CB88FE42A90D174006B9301 /* AppTrackingTransparency.framework */; };
		2CB88FE72A90D189006B9301 /* iAd.framework in Frameworks */ = {isa = PBXBuildFile; fileRef = 2CB88FE62A90D188006B9301 /* iAd.framework */; };
		2CB88FE92A90D19F006B9301 /* WebKit.framework in Frameworks */ = {isa = PBXBuildFile; fileRef = 2CB88FE82A90D19E006B9301 /* WebKit.framework */; };
		2CBF47222A79151300A50257 /* LaunchScreen.storyboard in Resources */ = {isa = PBXBuildFile; fileRef = 2C2A205B2A7170E3002A6D3C /* LaunchScreen.storyboard */; };
		2CBF47242A79153200A50257 /* Assets.xcassets in Resources */ = {isa = PBXBuildFile; fileRef = 2C2A20592A7170E3002A6D3C /* Assets.xcassets */; };
		2CBFE4552A77E28400A50257 /* ActualFilterTabViewCell.swift in Sources */ = {isa = PBXBuildFile; fileRef = 2CBFE4542A77E28400A50257 /* ActualFilterTabViewCell.swift */; };
		2CBFE4572A77E38600A50257 /* ActualPPControllerPresent.swift in Sources */ = {isa = PBXBuildFile; fileRef = 2CBFE4562A77E38600A50257 /* ActualPPControllerPresent.swift */; };
		2CBFE4592A77ECA200A50257 /* ActualPanPresentManager.swift in Sources */ = {isa = PBXBuildFile; fileRef = 2CBFE4582A77ECA200A50257 /* ActualPanPresentManager.swift */; };
		2CBFE45B2A79080D00A50257 /* ActualGameMapViewController.swift in Sources */ = {isa = PBXBuildFile; fileRef = 2CBFE45A2A79080D00A50257 /* ActualGameMapViewController.swift */; };
		2CC0DA542A90F0CA0083E7B6 /* FirebaseAnalytics in Frameworks */ = {isa = PBXBuildFile; productRef = 2CC0DA532A90F0CA0083E7B6 /* FirebaseAnalytics */; };
		2CC0DA562A90F0CA0083E7B6 /* FirebaseAnalyticsOnDeviceConversion in Frameworks */ = {isa = PBXBuildFile; productRef = 2CC0DA552A90F0CA0083E7B6 /* FirebaseAnalyticsOnDeviceConversion */; };
		2CC0DA582A90F0CA0083E7B6 /* FirebaseAnalyticsSwift in Frameworks */ = {isa = PBXBuildFile; productRef = 2CC0DA572A90F0CA0083E7B6 /* FirebaseAnalyticsSwift */; };
		2CC0DA5A2A90F0CA0083E7B6 /* FirebaseAnalyticsWithoutAdIdSupport in Frameworks */ = {isa = PBXBuildFile; productRef = 2CC0DA592A90F0CA0083E7B6 /* FirebaseAnalyticsWithoutAdIdSupport */; };
		2CDEBEDE2A80F1DD00F976A3 /* SwiftyDropbox in Frameworks */ = {isa = PBXBuildFile; productRef = 2CDEBEDD2A80F1DD00F976A3 /* SwiftyDropbox */; };
		2CDEBF032A82586500F976A3 /* ActualDropBoxManager.swift in Sources */ = {isa = PBXBuildFile; fileRef = 2CDEBEF62A82586500F976A3 /* ActualDropBoxManager.swift */; };
		2CDEBF042A82586500F976A3 /* ActualDBConstants3862.swift in Sources */ = {isa = PBXBuildFile; fileRef = 2CDEBEF72A82586500F976A3 /* ActualDBConstants3862.swift */; };
		2CDEBF072A82F57100F976A3 /* ActualCustomNavigation_View.swift in Sources */ = {isa = PBXBuildFile; fileRef = 2CDEBF062A82F57100F976A3 /* ActualCustomNavigation_View.swift */; };
		54ACC19A2BDF601A0090B73A /* ActualAllertManager.swift in Sources */ = {isa = PBXBuildFile; fileRef = 54ACC1992BDF601A0090B73A /* ActualAllertManager.swift */; };
		54ACC19C2BDF6F8D0090B73A /* ActualBlurBackController.swift in Sources */ = {isa = PBXBuildFile; fileRef = 54ACC19B2BDF6F8D0090B73A /* ActualBlurBackController.swift */; };
		B6086E5DA68400D2ABF2BB7A /* Pods_GTAModes.framework in Frameworks */ = {isa = PBXBuildFile; fileRef = 7F2E2352E0EAAE4846BA5952 /* Pods_GTAModes.framework */; };
/* End PBXBuildFile section */

/* Begin PBXContainerItemProxy section */
		2CB88FD82A90CAC7006B9301 /* PBXContainerItemProxy */ = {
			isa = PBXContainerItemProxy;
			containerPortal = 2C2A20452A7170E1002A6D3C /* Project object */;
			proxyType = 1;
			remoteGlobalIDString = 2CB88FD22A90CAC7006B9301;
			remoteInfo = NotificationService;
		};
/* End PBXContainerItemProxy section */

/* Begin PBXCopyFilesBuildPhase section */
		2CB88FDB2A90CAC7006B9301 /* Embed Foundation Extensions */ = {
			isa = PBXCopyFilesBuildPhase;
			buildActionMask = 2147483647;
			dstPath = "";
			dstSubfolderSpec = 13;
			files = (
				2CB88FDA2A90CAC7006B9301 /* NotificationService.appex in Embed Foundation Extensions */,
			);
			name = "Embed Foundation Extensions";
			runOnlyForDeploymentPostprocessing = 0;
		};
/* End PBXCopyFilesBuildPhase section */

/* Begin PBXFileReference section */
		0C14A4FEA062255A39CFF41A /* Pods-GTAModes.release.xcconfig */ = {isa = PBXFileReference; includeInIndex = 1; lastKnownFileType = text.xcconfig; name = "Pods-GTAModes.release.xcconfig"; path = "Target Support Files/Pods-GTAModes/Pods-GTAModes.release.xcconfig"; sourceTree = "<group>"; };
		1201B5712BA2B82C00B86035 /* ActualProjectTestNetwork3862.swift */ = {isa = PBXFileReference; lastKnownFileType = sourcecode.swift; path = ActualProjectTestNetwork3862.swift; sourceTree = "<group>"; };
		12097A712BA4B09700DACBED /* ActualAllertController.swift */ = {isa = PBXFileReference; lastKnownFileType = sourcecode.swift; path = ActualAllertController.swift; sourceTree = "<group>"; };
		12097A772BA56D5600DACBED /* ActualCheckListCustomSwitcher.swift */ = {isa = PBXFileReference; lastKnownFileType = sourcecode.swift; path = ActualCheckListCustomSwitcher.swift; sourceTree = "<group>"; };
		120B3BF32BE22EFC00E9462B /* ActualFakeLoaderView.swift */ = {isa = PBXFileReference; lastKnownFileType = sourcecode.swift; path = ActualFakeLoaderView.swift; sourceTree = "<group>"; };
		120B3BF52BE2313A00E9462B /* ActualFakeLoader.swift */ = {isa = PBXFileReference; lastKnownFileType = sourcecode.swift; path = ActualFakeLoader.swift; sourceTree = "<group>"; };
		120EEE452B86673100BE6D3F /* ActualProjectModelConteiner3862.swift */ = {isa = PBXFileReference; lastKnownFileType = sourcecode.swift; path = ActualProjectModelConteiner3862.swift; sourceTree = "<group>"; };
		120EEE502B877B1700BE6D3F /* Gilroy-Bold.ttf */ = {isa = PBXFileReference; lastKnownFileType = file; path = "Gilroy-Bold.ttf"; sourceTree = "<group>"; };
		120EEE522B88777D00BE6D3F /* ActualModesTabViewCellNew.swift */ = {isa = PBXFileReference; lastKnownFileType = sourcecode.swift; path = ActualModesTabViewCellNew.swift; sourceTree = "<group>"; };
		120EEE542B8889A500BE6D3F /* Gilroy-Extrabold.ttf */ = {isa = PBXFileReference; lastKnownFileType = file; path = "Gilroy-Extrabold.ttf"; sourceTree = "<group>"; };
		120EEE562B888AB800BE6D3F /* Gilroy-Semibold.ttf */ = {isa = PBXFileReference; lastKnownFileType = file; path = "Gilroy-Semibold.ttf"; sourceTree = "<group>"; };
		120EEE582B88B08B00BE6D3F /* Gilroy-Regular.ttf */ = {isa = PBXFileReference; lastKnownFileType = file; path = "Gilroy-Regular.ttf"; sourceTree = "<group>"; };
		120EEE5A2B88CCF400BE6D3F /* ActualModesInfoViewController.swift */ = {isa = PBXFileReference; lastKnownFileType = sourcecode.swift; path = ActualModesInfoViewController.swift; sourceTree = "<group>"; };
		120EEE5E2B8C916600BE6D3F /* ActualHeaderViewNew.swift */ = {isa = PBXFileReference; lastKnownFileType = sourcecode.swift; path = ActualHeaderViewNew.swift; sourceTree = "<group>"; };
		12D4321E2BDBE3EF00BD1EC7 /* Gilroy-Heavy.ttf */ = {isa = PBXFileReference; lastKnownFileType = file; path = "Gilroy-Heavy.ttf"; sourceTree = "<group>"; };
		12D432272BDC268100BD1EC7 /* ActualChecklistChecker.swift */ = {isa = PBXFileReference; lastKnownFileType = sourcecode.swift; path = ActualChecklistChecker.swift; sourceTree = "<group>"; };
		12D4322A2BDCA43700BD1EC7 /* ActualChecklistButton.swift */ = {isa = PBXFileReference; lastKnownFileType = sourcecode.swift; path = ActualChecklistButton.swift; sourceTree = "<group>"; };
		12D4322D2BDD1AF200BD1EC7 /* ActualLoaderView.swift */ = {isa = PBXFileReference; lastKnownFileType = sourcecode.swift; path = ActualLoaderView.swift; sourceTree = "<group>"; };
		12D432312BDD486A00BD1EC7 /* ActualCustomUniversalAlertView.swift */ = {isa = PBXFileReference; lastKnownFileType = sourcecode.swift; path = ActualCustomUniversalAlertView.swift; sourceTree = "<group>"; };
		12D432342BDD545700BD1EC7 /* ActualChecklistViewController.swift */ = {isa = PBXFileReference; lastKnownFileType = sourcecode.swift; path = ActualChecklistViewController.swift; sourceTree = "<group>"; };
		12F217EF2B85D41100BCE63B /* ActualExtension.swift */ = {isa = PBXFileReference; lastKnownFileType = sourcecode.swift; path = ActualExtension.swift; sourceTree = "<group>"; };
		12F217F22B85F03900BCE63B /* ActualMainViewCell.swift */ = {isa = PBXFileReference; lastKnownFileType = sourcecode.swift; path = ActualMainViewCell.swift; sourceTree = "<group>"; };
		12F217F42B85FCE200BCE63B /* ActualMainViewControllerNew.swift */ = {isa = PBXFileReference; lastKnownFileType = sourcecode.swift; path = ActualMainViewControllerNew.swift; sourceTree = "<group>"; };
		2C1CA3B02A8E70B200C89F79 /* ActualServicesManager.swift */ = {isa = PBXFileReference; fileEncoding = 4; lastKnownFileType = sourcecode.swift; path = ActualServicesManager.swift; sourceTree = "<group>"; };
		2C1CA4702A8E714F00C89F79 /* ActualProjectConfiguration3862.swift */ = {isa = PBXFileReference; lastKnownFileType = sourcecode.swift; path = ActualProjectConfiguration3862.swift; sourceTree = "<group>"; };
		2C1CA4722A8E71E200C89F79 /* GTAModes.entitlements */ = {isa = PBXFileReference; lastKnownFileType = text.plist.entitlements; path = GTAModes.entitlements; sourceTree = "<group>"; };
		2C1CA4732A8E720A00C89F79 /* StoreKit.framework */ = {isa = PBXFileReference; lastKnownFileType = wrapper.framework; name = StoreKit.framework; path = System/Library/Frameworks/StoreKit.framework; sourceTree = SDKROOT; };
		2C2A204D2A7170E1002A6D3C /* GTAModes.app */ = {isa = PBXFileReference; explicitFileType = wrapper.application; includeInIndex = 0; path = GTAModes.app; sourceTree = BUILT_PRODUCTS_DIR; };
		2C2A20502A7170E1002A6D3C /* ActualAppDelegate.swift */ = {isa = PBXFileReference; lastKnownFileType = sourcecode.swift; path = ActualAppDelegate.swift; sourceTree = "<group>"; };
		2C2A20522A7170E1002A6D3C /* SceneDelegate.swift */ = {isa = PBXFileReference; lastKnownFileType = sourcecode.swift; path = SceneDelegate.swift; sourceTree = "<group>"; };
		2C2A20592A7170E3002A6D3C /* Assets.xcassets */ = {isa = PBXFileReference; lastKnownFileType = folder.assetcatalog; path = Assets.xcassets; sourceTree = "<group>"; };
		2C2A205E2A7170E3002A6D3C /* Info.plist */ = {isa = PBXFileReference; lastKnownFileType = text.plist.xml; path = Info.plist; sourceTree = "<group>"; };
		2C2A20722A7285AA002A6D3C /* ActualProjectMainFlowCoordinator.swift */ = {isa = PBXFileReference; lastKnownFileType = sourcecode.swift; path = ActualProjectMainFlowCoordinator.swift; sourceTree = "<group>"; };
		2C2A20752A7286EC002A6D3C /* ActualProjectFlowCoordinator3862.swift */ = {isa = PBXFileReference; lastKnownFileType = sourcecode.swift; path = ActualProjectFlowCoordinator3862.swift; sourceTree = "<group>"; };
		2C2A207A2A729267002A6D3C /* ActualMainViewController.swift */ = {isa = PBXFileReference; lastKnownFileType = sourcecode.swift; path = ActualMainViewController.swift; sourceTree = "<group>"; };
		2C2A207E2A72927E002A6D3C /* ActualMainModel.swift */ = {isa = PBXFileReference; lastKnownFileType = sourcecode.swift; path = ActualMainModel.swift; sourceTree = "<group>"; };
		2C2A20802A729337002A6D3C /* ActualNiblessViewController.swift */ = {isa = PBXFileReference; lastKnownFileType = sourcecode.swift; path = ActualNiblessViewController.swift; sourceTree = "<group>"; };
		2C2A20B62A7551E8002A6D3C /* ActualMainTabViewCell3862.swift */ = {isa = PBXFileReference; lastKnownFileType = sourcecode.swift; path = ActualMainTabViewCell3862.swift; sourceTree = "<group>"; };
		2C2A20B82A7556BF002A6D3C /* ActualReusable.swift */ = {isa = PBXFileReference; lastKnownFileType = sourcecode.swift; path = ActualReusable.swift; sourceTree = "<group>"; };
		2C2A20BA2A755AFA002A6D3C /* ActualAutolayout.swift */ = {isa = PBXFileReference; lastKnownFileType = sourcecode.swift; path = ActualAutolayout.swift; sourceTree = "<group>"; };
		2C2A20BD2A756AD4002A6D3C /* ActualGSViewController.swift */ = {isa = PBXFileReference; lastKnownFileType = sourcecode.swift; path = ActualGSViewController.swift; sourceTree = "<group>"; };
		2C2A20BF2A756AE0002A6D3C /* ActualGSModel.swift */ = {isa = PBXFileReference; lastKnownFileType = sourcecode.swift; path = ActualGSModel.swift; sourceTree = "<group>"; };
		2C45A5362A76A7550023B3A8 /* ActualGameCheatsViewController.swift */ = {isa = PBXFileReference; lastKnownFileType = sourcecode.swift; path = ActualGameCheatsViewController.swift; sourceTree = "<group>"; };
		2C45A5382A76A7620023B3A8 /* ActualGameCheatsModel.swift */ = {isa = PBXFileReference; lastKnownFileType = sourcecode.swift; path = ActualGameCheatsModel.swift; sourceTree = "<group>"; };
		2C45A53C2A76A7800023B3A8 /* ActualChecklistModel.swift */ = {isa = PBXFileReference; lastKnownFileType = sourcecode.swift; path = ActualChecklistModel.swift; sourceTree = "<group>"; };
		2C45A53F2A76A7A50023B3A8 /* ActualFilterViewController.swift */ = {isa = PBXFileReference; lastKnownFileType = sourcecode.swift; path = ActualFilterViewController.swift; sourceTree = "<group>"; };
		2C45A5422A771A050023B3A8 /* ActualChecklistCell.swift */ = {isa = PBXFileReference; lastKnownFileType = sourcecode.swift; path = ActualChecklistCell.swift; sourceTree = "<group>"; };
		2C4F87792A92DEB9006DC2CD /* ActualModesTabViewCell.swift */ = {isa = PBXFileReference; lastKnownFileType = sourcecode.swift; path = ActualModesTabViewCell.swift; sourceTree = "<group>"; };
		2C51E7392A8BD5590077C421 /* ActualProjectMissionObject.swift */ = {isa = PBXFileReference; lastKnownFileType = sourcecode.swift; path = ActualProjectMissionObject.swift; sourceTree = "<group>"; };
		2C5CA6E52A924D78005F9D24 /* ActualModesViewController.swift */ = {isa = PBXFileReference; lastKnownFileType = sourcecode.swift; path = ActualModesViewController.swift; sourceTree = "<group>"; };
		2C5CA6E72A924DFC005F9D24 /* ActualModesModel.swift */ = {isa = PBXFileReference; lastKnownFileType = sourcecode.swift; path = ActualModesModel.swift; sourceTree = "<group>"; };
		2C5CA6E92A92514D005F9D24 /* ActualModObject.swift */ = {isa = PBXFileReference; lastKnownFileType = sourcecode.swift; path = ActualModObject.swift; sourceTree = "<group>"; };
		2C7F39F32A7BF09800F575F7 /* ActualHeaderView.swift */ = {isa = PBXFileReference; lastKnownFileType = sourcecode.swift; path = ActualHeaderView.swift; sourceTree = "<group>"; };
		2C7F39F52A7BF0BF00F575F7 /* ActualGameCheatsTabViewCell.swift */ = {isa = PBXFileReference; lastKnownFileType = sourcecode.swift; path = ActualGameCheatsTabViewCell.swift; sourceTree = "<group>"; };
		2CA95FF72A84D4210039343E /* ActualCheatsObject.swift */ = {isa = PBXFileReference; lastKnownFileType = sourcecode.swift; path = ActualCheatsObject.swift; sourceTree = "<group>"; };
		2CA95FFB2A8512470039343E /* ActualMainItemObject.swift */ = {isa = PBXFileReference; lastKnownFileType = sourcecode.swift; path = ActualMainItemObject.swift; sourceTree = "<group>"; };
		2CB88FD32A90CAC7006B9301 /* NotificationService.appex */ = {isa = PBXFileReference; explicitFileType = "wrapper.app-extension"; includeInIndex = 0; path = NotificationService.appex; sourceTree = BUILT_PRODUCTS_DIR; };
		2CB88FD52A90CAC7006B9301 /* NotificationService.swift */ = {isa = PBXFileReference; lastKnownFileType = sourcecode.swift; path = NotificationService.swift; sourceTree = "<group>"; };
		2CB88FD72A90CAC7006B9301 /* Info.plist */ = {isa = PBXFileReference; lastKnownFileType = text.plist.xml; path = Info.plist; sourceTree = "<group>"; };
		2CB88FDF2A90CB9F006B9301 /* NotificationService.entitlements */ = {isa = PBXFileReference; lastKnownFileType = text.plist.entitlements; path = NotificationService.entitlements; sourceTree = "<group>"; };
		2CB88FE02A90D169006B9301 /* AdServices.framework */ = {isa = PBXFileReference; lastKnownFileType = wrapper.framework; name = AdServices.framework; path = System/Library/Frameworks/AdServices.framework; sourceTree = SDKROOT; };
		2CB88FE12A90D16A006B9301 /* AdSupport.framework */ = {isa = PBXFileReference; lastKnownFileType = wrapper.framework; name = AdSupport.framework; path = System/Library/Frameworks/AdSupport.framework; sourceTree = SDKROOT; };
		2CB88FE42A90D174006B9301 /* AppTrackingTransparency.framework */ = {isa = PBXFileReference; lastKnownFileType = wrapper.framework; name = AppTrackingTransparency.framework; path = System/Library/Frameworks/AppTrackingTransparency.framework; sourceTree = SDKROOT; };
		2CB88FE62A90D188006B9301 /* iAd.framework */ = {isa = PBXFileReference; lastKnownFileType = wrapper.framework; name = iAd.framework; path = System/Library/Frameworks/iAd.framework; sourceTree = SDKROOT; };
		2CB88FE82A90D19E006B9301 /* WebKit.framework */ = {isa = PBXFileReference; lastKnownFileType = wrapper.framework; name = WebKit.framework; path = System/Library/Frameworks/WebKit.framework; sourceTree = SDKROOT; };
		2CBFE4442A77BDD400A50257 /* Localizable.strings */ = {isa = PBXFileReference; lastKnownFileType = text.plist.strings; path = Localizable.strings; sourceTree = "<group>"; };
		2CBFE4472A77BE0200A50257 /* Base */ = {isa = PBXFileReference; lastKnownFileType = file.storyboard; name = Base; path = Base.lproj/LaunchScreen.storyboard; sourceTree = "<group>"; };
		2CBFE4542A77E28400A50257 /* ActualFilterTabViewCell.swift */ = {isa = PBXFileReference; lastKnownFileType = sourcecode.swift; path = ActualFilterTabViewCell.swift; sourceTree = "<group>"; };
		2CBFE4562A77E38600A50257 /* ActualPPControllerPresent.swift */ = {isa = PBXFileReference; lastKnownFileType = sourcecode.swift; path = ActualPPControllerPresent.swift; sourceTree = "<group>"; };
		2CBFE4582A77ECA200A50257 /* ActualPanPresentManager.swift */ = {isa = PBXFileReference; lastKnownFileType = sourcecode.swift; path = ActualPanPresentManager.swift; sourceTree = "<group>"; };
		2CBFE45A2A79080D00A50257 /* ActualGameMapViewController.swift */ = {isa = PBXFileReference; lastKnownFileType = sourcecode.swift; path = ActualGameMapViewController.swift; sourceTree = "<group>"; };
		2CDEBEF62A82586500F976A3 /* ActualDropBoxManager.swift */ = {isa = PBXFileReference; fileEncoding = 4; lastKnownFileType = sourcecode.swift; path = ActualDropBoxManager.swift; sourceTree = "<group>"; };
		2CDEBEF72A82586500F976A3 /* ActualDBConstants3862.swift */ = {isa = PBXFileReference; fileEncoding = 4; lastKnownFileType = sourcecode.swift; path = ActualDBConstants3862.swift; sourceTree = "<group>"; };
		2CDEBF062A82F57100F976A3 /* ActualCustomNavigation_View.swift */ = {isa = PBXFileReference; lastKnownFileType = sourcecode.swift; path = ActualCustomNavigation_View.swift; sourceTree = "<group>"; };
		54ACC1992BDF601A0090B73A /* ActualAllertManager.swift */ = {isa = PBXFileReference; lastKnownFileType = sourcecode.swift; path = ActualAllertManager.swift; sourceTree = "<group>"; };
		54ACC19B2BDF6F8D0090B73A /* ActualBlurBackController.swift */ = {isa = PBXFileReference; lastKnownFileType = sourcecode.swift; path = ActualBlurBackController.swift; sourceTree = "<group>"; };
		7F2E2352E0EAAE4846BA5952 /* Pods_GTAModes.framework */ = {isa = PBXFileReference; explicitFileType = wrapper.framework; includeInIndex = 0; path = Pods_GTAModes.framework; sourceTree = BUILT_PRODUCTS_DIR; };
		A7040E287D44240A115BA20F /* Pods-GTAModes.debug.xcconfig */ = {isa = PBXFileReference; includeInIndex = 1; lastKnownFileType = text.xcconfig; name = "Pods-GTAModes.debug.xcconfig"; path = "Target Support Files/Pods-GTAModes/Pods-GTAModes.debug.xcconfig"; sourceTree = "<group>"; };
/* End PBXFileReference section */

/* Begin PBXFrameworksBuildPhase section */
		2C2A204A2A7170E1002A6D3C /* Frameworks */ = {
			isa = PBXFrameworksBuildPhase;
			buildActionMask = 2147483647;
			files = (
				2CB88FE22A90D16B006B9301 /* AdServices.framework in Frameworks */,
				2CC0DA5A2A90F0CA0083E7B6 /* FirebaseAnalyticsWithoutAdIdSupport in Frameworks */,
				2CB88FE32A90D16C006B9301 /* AdSupport.framework in Frameworks */,
				2CC0DA542A90F0CA0083E7B6 /* FirebaseAnalytics in Frameworks */,
				2CC0DA562A90F0CA0083E7B6 /* FirebaseAnalyticsOnDeviceConversion in Frameworks */,
				2CC0DA582A90F0CA0083E7B6 /* FirebaseAnalyticsSwift in Frameworks */,
				2C0DC3772A8FADF800A03F44 /* Pushwoosh in Frameworks */,
				2CA960002A853F870039343E /* Kingfisher in Frameworks */,
				2CB88FE52A90D174006B9301 /* AppTrackingTransparency.framework in Frameworks */,
				2C1CA4742A8E720B00C89F79 /* StoreKit.framework in Frameworks */,
				2C2A206F2A727E88002A6D3C /* RealmSwift in Frameworks */,
				2CB88FE72A90D189006B9301 /* iAd.framework in Frameworks */,
				2CDEBEDE2A80F1DD00F976A3 /* SwiftyDropbox in Frameworks */,
				2CB88FE92A90D19F006B9301 /* WebKit.framework in Frameworks */,
				B6086E5DA68400D2ABF2BB7A /* Pods_GTAModes.framework in Frameworks */,
			);
			runOnlyForDeploymentPostprocessing = 0;
		};
		2CB88FD02A90CAC7006B9301 /* Frameworks */ = {
			isa = PBXFrameworksBuildPhase;
			buildActionMask = 2147483647;
			files = (
			);
			runOnlyForDeploymentPostprocessing = 0;
		};
/* End PBXFrameworksBuildPhase section */

/* Begin PBXGroup section */
		12D432302BDD1AF700BD1EC7 /* Loader */ = {
			isa = PBXGroup;
			children = (
				12D4322D2BDD1AF200BD1EC7 /* ActualLoaderView.swift */,
				120B3BF32BE22EFC00E9462B /* ActualFakeLoaderView.swift */,
				12D432312BDD486A00BD1EC7 /* ActualCustomUniversalAlertView.swift */,
			);
			path = Loader;
			sourceTree = "<group>";
		};
		12F217F12B85D41800BCE63B /* Extension */ = {
			isa = PBXGroup;
			children = (
				12F217EF2B85D41100BCE63B /* ActualExtension.swift */,
			);
			path = Extension;
			sourceTree = "<group>";
		};
		2C1CA46F2A8E713C00C89F79 /* Configurations */ = {
			isa = PBXGroup;
			children = (
				2C1CA4702A8E714F00C89F79 /* ActualProjectConfiguration3862.swift */,
			);
			path = Configurations;
			sourceTree = "<group>";
		};
		2C2A20442A7170E1002A6D3C = {
			isa = PBXGroup;
			children = (
				2C2A204F2A7170E1002A6D3C /* GTAModes */,
				2CB88FD42A90CAC7006B9301 /* NotificationService */,
				2C2A204E2A7170E1002A6D3C /* Products */,
				2CA95FFE2A853F870039343E /* Frameworks */,
				A8B8353F472C526FEFD3CD98 /* Pods */,
			);
			sourceTree = "<group>";
		};
		2C2A204E2A7170E1002A6D3C /* Products */ = {
			isa = PBXGroup;
			children = (
				2C2A204D2A7170E1002A6D3C /* GTAModes.app */,
				2CB88FD32A90CAC7006B9301 /* NotificationService.appex */,
			);
			name = Products;
			sourceTree = "<group>";
		};
		2C2A204F2A7170E1002A6D3C /* GTAModes */ = {
			isa = PBXGroup;
			children = (
				2C1CA4722A8E71E200C89F79 /* GTAModes.entitlements */,
				2C1CA46F2A8E713C00C89F79 /* Configurations */,
				2C2A20502A7170E1002A6D3C /* ActualAppDelegate.swift */,
				2C2A20522A7170E1002A6D3C /* SceneDelegate.swift */,
				2C2A20642A717EA4002A6D3C /* Flows */,
				2C2A20652A717EF7002A6D3C /* ActualServices */,
				2C2A20742A7286D4002A6D3C /* Common */,
				2C2A20662A717F13002A6D3C /* Resources */,
			);
			path = GTAModes;
			sourceTree = "<group>";
		};
		2C2A20642A717EA4002A6D3C /* Flows */ = {
			isa = PBXGroup;
			children = (
				2C2A20692A717FE9002A6D3C /* MainFlow */,
			);
			path = Flows;
			sourceTree = "<group>";
		};
		2C2A20652A717EF7002A6D3C /* ActualServices */ = {
			isa = PBXGroup;
			children = (
				2CDEBEE82A82586500F976A3 /* ActualDropBoxManager */,
				2C2A20862A72A3C6002A6D3C /* DataBase */,
			);
			path = ActualServices;
			sourceTree = "<group>";
		};
		2C2A20662A717F13002A6D3C /* Resources */ = {
			isa = PBXGroup;
			children = (
				2CBFE4482A77CE6A00A50257 /* Fonts */,
				2C2A205E2A7170E3002A6D3C /* Info.plist */,
				2C2A20592A7170E3002A6D3C /* Assets.xcassets */,
				2C2A205B2A7170E3002A6D3C /* LaunchScreen.storyboard */,
				2CBFE4442A77BDD400A50257 /* Localizable.strings */,
			);
			path = Resources;
			sourceTree = "<group>";
		};
		2C2A20692A717FE9002A6D3C /* MainFlow */ = {
			isa = PBXGroup;
			children = (
				2C5CA6E42A924B83005F9D24 /* GameModes */,
				2C45A5342A76A7200023B3A8 /* Map */,
				2C45A5332A76A6880023B3A8 /* Checklist */,
				2C45A5322A76A65D0023B3A8 /* GameCheats */,
				2C2A20BC2A756AB3002A6D3C /* GameSelection */,
				2C2A20792A72907B002A6D3C /* MainView */,
				2C2A20722A7285AA002A6D3C /* ActualProjectMainFlowCoordinator.swift */,
			);
			path = MainFlow;
			sourceTree = "<group>";
		};
		2C2A20742A7286D4002A6D3C /* Common */ = {
			isa = PBXGroup;
			children = (
				2C2A20B32A755153002A6D3C /* UI */,
				2C2A20752A7286EC002A6D3C /* ActualProjectFlowCoordinator3862.swift */,
				2C2A20802A729337002A6D3C /* ActualNiblessViewController.swift */,
				2C2A20BA2A755AFA002A6D3C /* ActualAutolayout.swift */,
				2C2A20B82A7556BF002A6D3C /* ActualReusable.swift */,
				2CBFE4562A77E38600A50257 /* ActualPPControllerPresent.swift */,
				2CBFE4582A77ECA200A50257 /* ActualPanPresentManager.swift */,
				12F217F12B85D41800BCE63B /* Extension */,
			);
			path = Common;
			sourceTree = "<group>";
		};
		2C2A20792A72907B002A6D3C /* MainView */ = {
			isa = PBXGroup;
			children = (
				2C2A207A2A729267002A6D3C /* ActualMainViewController.swift */,
				2C2A207E2A72927E002A6D3C /* ActualMainModel.swift */,
				12F217F42B85FCE200BCE63B /* ActualMainViewControllerNew.swift */,
				120EEE452B86673100BE6D3F /* ActualProjectModelConteiner3862.swift */,
			);
			path = MainView;
			sourceTree = "<group>";
		};
		2C2A20862A72A3C6002A6D3C /* DataBase */ = {
			isa = PBXGroup;
			children = (
				2CA95FF62A84D4050039343E /* Models */,
			);
			path = DataBase;
			sourceTree = "<group>";
		};
		2C2A20B32A755153002A6D3C /* UI */ = {
			isa = PBXGroup;
			children = (
				2CDEBF052A82F55400F976A3 /* CustomNavigation */,
				2C45A53E2A76A78D0023B3A8 /* Filters */,
				2C2A20B42A755158002A6D3C /* Cells */,
				12D432302BDD1AF700BD1EC7 /* Loader */,
			);
			path = UI;
			sourceTree = "<group>";
		};
		2C2A20B42A755158002A6D3C /* Cells */ = {
			isa = PBXGroup;
			children = (
				2C2A20B52A7551B4002A6D3C /* MainTableViewCell */,
			);
			path = Cells;
			sourceTree = "<group>";
		};
		2C2A20B52A7551B4002A6D3C /* MainTableViewCell */ = {
			isa = PBXGroup;
			children = (
				2C2A20B62A7551E8002A6D3C /* ActualMainTabViewCell3862.swift */,
				12F217F22B85F03900BCE63B /* ActualMainViewCell.swift */,
			);
			path = MainTableViewCell;
			sourceTree = "<group>";
		};
		2C2A20BC2A756AB3002A6D3C /* GameSelection */ = {
			isa = PBXGroup;
			children = (
				2C2A20BD2A756AD4002A6D3C /* ActualGSViewController.swift */,
				2C2A20BF2A756AE0002A6D3C /* ActualGSModel.swift */,
			);
			path = GameSelection;
			sourceTree = "<group>";
		};
		2C45A5322A76A65D0023B3A8 /* GameCheats */ = {
			isa = PBXGroup;
			children = (
				2C7F39F02A7BF05D00F575F7 /* Views */,
				2C45A5362A76A7550023B3A8 /* ActualGameCheatsViewController.swift */,
				2C45A5382A76A7620023B3A8 /* ActualGameCheatsModel.swift */,
			);
			path = GameCheats;
			sourceTree = "<group>";
		};
		2C45A5332A76A6880023B3A8 /* Checklist */ = {
			isa = PBXGroup;
			children = (
				2C45A5412A7719ED0023B3A8 /* Cell */,
				12D432342BDD545700BD1EC7 /* ActualChecklistViewController.swift */,
				2C45A53C2A76A7800023B3A8 /* ActualChecklistModel.swift */,
				12097A772BA56D5600DACBED /* ActualCheckListCustomSwitcher.swift */,
				12D432272BDC268100BD1EC7 /* ActualChecklistChecker.swift */,
				12D4322A2BDCA43700BD1EC7 /* ActualChecklistButton.swift */,
			);
			path = Checklist;
			sourceTree = "<group>";
		};
		2C45A5342A76A7200023B3A8 /* Map */ = {
			isa = PBXGroup;
			children = (
				2CBFE45A2A79080D00A50257 /* ActualGameMapViewController.swift */,
			);
			path = Map;
			sourceTree = "<group>";
		};
		2C45A53E2A76A78D0023B3A8 /* Filters */ = {
			isa = PBXGroup;
			children = (
				2C45A53F2A76A7A50023B3A8 /* ActualFilterViewController.swift */,
				2CBFE4542A77E28400A50257 /* ActualFilterTabViewCell.swift */,
			);
			path = Filters;
			sourceTree = "<group>";
		};
		2C45A5412A7719ED0023B3A8 /* Cell */ = {
			isa = PBXGroup;
			children = (
				2C45A5422A771A050023B3A8 /* ActualChecklistCell.swift */,
			);
			path = Cell;
			sourceTree = "<group>";
		};
		2C5CA6E42A924B83005F9D24 /* GameModes */ = {
			isa = PBXGroup;
			children = (
				2C5CA6E52A924D78005F9D24 /* ActualModesViewController.swift */,
				120EEE5A2B88CCF400BE6D3F /* ActualModesInfoViewController.swift */,
				2C5CA6E72A924DFC005F9D24 /* ActualModesModel.swift */,
				2C4F87792A92DEB9006DC2CD /* ActualModesTabViewCell.swift */,
				120EEE522B88777D00BE6D3F /* ActualModesTabViewCellNew.swift */,
				54ACC1992BDF601A0090B73A /* ActualAllertManager.swift */,
				12097A712BA4B09700DACBED /* ActualAllertController.swift */,
				54ACC19B2BDF6F8D0090B73A /* ActualBlurBackController.swift */,
				120B3BF52BE2313A00E9462B /* ActualFakeLoader.swift */,
			);
			path = GameModes;
			sourceTree = "<group>";
		};
		2C7F39F02A7BF05D00F575F7 /* Views */ = {
			isa = PBXGroup;
			children = (
				2C7F39F22A7BF07200F575F7 /* Header */,
				2C7F39F12A7BF06A00F575F7 /* Cell */,
			);
			path = Views;
			sourceTree = "<group>";
		};
		2C7F39F12A7BF06A00F575F7 /* Cell */ = {
			isa = PBXGroup;
			children = (
				2C7F39F52A7BF0BF00F575F7 /* ActualGameCheatsTabViewCell.swift */,
			);
			path = Cell;
			sourceTree = "<group>";
		};
		2C7F39F22A7BF07200F575F7 /* Header */ = {
			isa = PBXGroup;
			children = (
				2C7F39F32A7BF09800F575F7 /* ActualHeaderView.swift */,
				120EEE5E2B8C916600BE6D3F /* ActualHeaderViewNew.swift */,
			);
			path = Header;
			sourceTree = "<group>";
		};
		2CA95FF62A84D4050039343E /* Models */ = {
			isa = PBXGroup;
			children = (
				2CA95FF72A84D4210039343E /* ActualCheatsObject.swift */,
				2CA95FFB2A8512470039343E /* ActualMainItemObject.swift */,
				2C51E7392A8BD5590077C421 /* ActualProjectMissionObject.swift */,
				2C5CA6E92A92514D005F9D24 /* ActualModObject.swift */,
			);
			path = Models;
			sourceTree = "<group>";
		};
		2CA95FFE2A853F870039343E /* Frameworks */ = {
			isa = PBXGroup;
			children = (
				2CB88FE82A90D19E006B9301 /* WebKit.framework */,
				2CB88FE62A90D188006B9301 /* iAd.framework */,
				2CB88FE42A90D174006B9301 /* AppTrackingTransparency.framework */,
				2CB88FE02A90D169006B9301 /* AdServices.framework */,
				2CB88FE12A90D16A006B9301 /* AdSupport.framework */,
				2C1CA4732A8E720A00C89F79 /* StoreKit.framework */,
				7F2E2352E0EAAE4846BA5952 /* Pods_GTAModes.framework */,
			);
			name = Frameworks;
			sourceTree = "<group>";
		};
		2CB88FD42A90CAC7006B9301 /* NotificationService */ = {
			isa = PBXGroup;
			children = (
				2CB88FDF2A90CB9F006B9301 /* NotificationService.entitlements */,
				2CB88FD52A90CAC7006B9301 /* NotificationService.swift */,
				2CB88FD72A90CAC7006B9301 /* Info.plist */,
			);
			path = NotificationService;
			sourceTree = "<group>";
		};
		2CBFE4482A77CE6A00A50257 /* Fonts */ = {
			isa = PBXGroup;
			children = (
				12D4321E2BDBE3EF00BD1EC7 /* Gilroy-Heavy.ttf */,
				120EEE582B88B08B00BE6D3F /* Gilroy-Regular.ttf */,
				120EEE502B877B1700BE6D3F /* Gilroy-Bold.ttf */,
				120EEE562B888AB800BE6D3F /* Gilroy-Semibold.ttf */,
				120EEE542B8889A500BE6D3F /* Gilroy-Extrabold.ttf */,
			);
			path = Fonts;
			sourceTree = "<group>";
		};
		2CDEBEE82A82586500F976A3 /* ActualDropBoxManager */ = {
			isa = PBXGroup;
			children = (
				2C1CA3B02A8E70B200C89F79 /* ActualServicesManager.swift */,
				2CDEBEF62A82586500F976A3 /* ActualDropBoxManager.swift */,
				2CDEBEF72A82586500F976A3 /* ActualDBConstants3862.swift */,
				1201B5712BA2B82C00B86035 /* ActualProjectTestNetwork3862.swift */,
			);
			path = ActualDropBoxManager;
			sourceTree = "<group>";
		};
		2CDEBF052A82F55400F976A3 /* CustomNavigation */ = {
			isa = PBXGroup;
			children = (
				2CDEBF062A82F57100F976A3 /* ActualCustomNavigation_View.swift */,
			);
			path = CustomNavigation;
			sourceTree = "<group>";
		};
		A8B8353F472C526FEFD3CD98 /* Pods */ = {
			isa = PBXGroup;
			children = (
				A7040E287D44240A115BA20F /* Pods-GTAModes.debug.xcconfig */,
				0C14A4FEA062255A39CFF41A /* Pods-GTAModes.release.xcconfig */,
			);
			path = Pods;
			sourceTree = "<group>";
		};
/* End PBXGroup section */

/* Begin PBXNativeTarget section */
		2C2A204C2A7170E1002A6D3C /* GTAModes */ = {
			isa = PBXNativeTarget;
			buildConfigurationList = 2C2A20612A7170E3002A6D3C /* Build configuration list for PBXNativeTarget "GTAModes" */;
			buildPhases = (
				C9943C63DB79845544FD8197 /* [CP] Check Pods Manifest.lock */,
				2C2A20492A7170E1002A6D3C /* Sources */,
				2C2A204A2A7170E1002A6D3C /* Frameworks */,
				2C2A204B2A7170E1002A6D3C /* Resources */,
				FC145E48FE705635C75E491D /* [CP] Embed Pods Frameworks */,
				2CB88FDB2A90CAC7006B9301 /* Embed Foundation Extensions */,
			);
			buildRules = (
			);
			dependencies = (
				2CB88FD92A90CAC7006B9301 /* PBXTargetDependency */,
			);
			name = GTAModes;
			packageProductDependencies = (
				2C2A206E2A727E88002A6D3C /* RealmSwift */,
				2CDEBEDD2A80F1DD00F976A3 /* SwiftyDropbox */,
				2CA95FFF2A853F870039343E /* Kingfisher */,
				2C0DC3762A8FADF800A03F44 /* Pushwoosh */,
				2CC0DA532A90F0CA0083E7B6 /* FirebaseAnalytics */,
				2CC0DA552A90F0CA0083E7B6 /* FirebaseAnalyticsOnDeviceConversion */,
				2CC0DA572A90F0CA0083E7B6 /* FirebaseAnalyticsSwift */,
				2CC0DA592A90F0CA0083E7B6 /* FirebaseAnalyticsWithoutAdIdSupport */,
			);
			productName = "GTA Modes";
			productReference = 2C2A204D2A7170E1002A6D3C /* GTAModes.app */;
			productType = "com.apple.product-type.application";
		};
		2CB88FD22A90CAC7006B9301 /* NotificationService */ = {
			isa = PBXNativeTarget;
			buildConfigurationList = 2CB88FDE2A90CAC7006B9301 /* Build configuration list for PBXNativeTarget "NotificationService" */;
			buildPhases = (
				2CB88FCF2A90CAC7006B9301 /* Sources */,
				2CB88FD02A90CAC7006B9301 /* Frameworks */,
				2CB88FD12A90CAC7006B9301 /* Resources */,
			);
			buildRules = (
			);
			dependencies = (
			);
			name = NotificationService;
			productName = NotificationService;
			productReference = 2CB88FD32A90CAC7006B9301 /* NotificationService.appex */;
			productType = "com.apple.product-type.app-extension";
		};
/* End PBXNativeTarget section */

/* Begin PBXProject section */
		2C2A20452A7170E1002A6D3C /* Project object */ = {
			isa = PBXProject;
			attributes = {
				BuildIndependentTargetsInParallel = 1;
				LastSwiftUpdateCheck = 1430;
				LastUpgradeCheck = 1430;
				TargetAttributes = {
					2C2A204C2A7170E1002A6D3C = {
						CreatedOnToolsVersion = 14.3.1;
					};
					2CB88FD22A90CAC7006B9301 = {
						CreatedOnToolsVersion = 14.3.1;
					};
				};
			};
			buildConfigurationList = 2C2A20482A7170E1002A6D3C /* Build configuration list for PBXProject "GTAModes" */;
			compatibilityVersion = "Xcode 14.0";
			developmentRegion = en;
			hasScannedForEncodings = 0;
			knownRegions = (
				en,
				Base,
				de,
				he,
				ar,
				el,
				"zh-Hans",
				ja,
				uk,
				nb,
				"en-GB",
				es,
				sl,
				da,
				"es-419",
				it,
				sk,
				"fr-CA",
				sr,
				ms,
				sv,
				cs,
				ko,
				"zh-Hant",
				hu,
				"en-AU",
				tr,
				pl,
				"pt-BR",
				vi,
				lv,
				lt,
				ru,
				fr,
				fi,
				id,
				nl,
				th,
				"pt-PT",
				ro,
				hr,
				hi,
				ca,
				"en-IN",
			);
			mainGroup = 2C2A20442A7170E1002A6D3C;
			packageReferences = (
				2C2A206D2A727E88002A6D3C /* XCRemoteSwiftPackageReference "realm-swift" */,
				2CDEBEDC2A80F1DD00F976A3 /* XCRemoteSwiftPackageReference "SwiftyDropbox" */,
				2CA95FFD2A853D2B0039343E /* XCRemoteSwiftPackageReference "Kingfisher" */,
				2C0DC3752A8FADF800A03F44 /* XCRemoteSwiftPackageReference "Pushwoosh-XCFramework" */,
				2CC0DA522A90F0CA0083E7B6 /* XCRemoteSwiftPackageReference "firebase-ios-sdk" */,
				12F217772B834E6A00BCE63B /* XCRemoteSwiftPackageReference "ios_sdk" */,
			);
			productRefGroup = 2C2A204E2A7170E1002A6D3C /* Products */;
			projectDirPath = "";
			projectRoot = "";
			targets = (
				2C2A204C2A7170E1002A6D3C /* GTAModes */,
				2CB88FD22A90CAC7006B9301 /* NotificationService */,
			);
		};
/* End PBXProject section */

/* Begin PBXResourcesBuildPhase section */
		2C2A204B2A7170E1002A6D3C /* Resources */ = {
			isa = PBXResourcesBuildPhase;
			buildActionMask = 2147483647;
			files = (
				120EEE512B877B1700BE6D3F /* Gilroy-Bold.ttf in Resources */,
				120EEE572B888AB800BE6D3F /* Gilroy-Semibold.ttf in Resources */,
				12D4321F2BDBE3EF00BD1EC7 /* Gilroy-Heavy.ttf in Resources */,
				120EEE552B8889A600BE6D3F /* Gilroy-Extrabold.ttf in Resources */,
				2CBF47242A79153200A50257 /* Assets.xcassets in Resources */,
				2CBF47222A79151300A50257 /* LaunchScreen.storyboard in Resources */,
				120EEE592B88B08B00BE6D3F /* Gilroy-Regular.ttf in Resources */,
			);
			runOnlyForDeploymentPostprocessing = 0;
		};
		2CB88FD12A90CAC7006B9301 /* Resources */ = {
			isa = PBXResourcesBuildPhase;
			buildActionMask = 2147483647;
			files = (
				12D432202BDBE3EF00BD1EC7 /* Gilroy-Heavy.ttf in Resources */,
			);
			runOnlyForDeploymentPostprocessing = 0;
		};
/* End PBXResourcesBuildPhase section */

/* Begin PBXShellScriptBuildPhase section */
		C9943C63DB79845544FD8197 /* [CP] Check Pods Manifest.lock */ = {
			isa = PBXShellScriptBuildPhase;
			buildActionMask = 2147483647;
			files = (
			);
			inputFileListPaths = (
			);
			inputPaths = (
				"${PODS_PODFILE_DIR_PATH}/Podfile.lock",
				"${PODS_ROOT}/Manifest.lock",
			);
			name = "[CP] Check Pods Manifest.lock";
			outputFileListPaths = (
			);
			outputPaths = (
				"$(DERIVED_FILE_DIR)/Pods-GTAModes-checkManifestLockResult.txt",
			);
			runOnlyForDeploymentPostprocessing = 0;
			shellPath = /bin/sh;
			shellScript = "diff \"${PODS_PODFILE_DIR_PATH}/Podfile.lock\" \"${PODS_ROOT}/Manifest.lock\" > /dev/null\nif [ $? != 0 ] ; then\n    # print error to STDERR\n    echo \"error: The sandbox is not in sync with the Podfile.lock. Run 'pod install' or update your CocoaPods installation.\" >&2\n    exit 1\nfi\n# This output is used by Xcode 'outputs' to avoid re-running this script phase.\necho \"SUCCESS\" > \"${SCRIPT_OUTPUT_FILE_0}\"\n";
			showEnvVarsInLog = 0;
		};
		FC145E48FE705635C75E491D /* [CP] Embed Pods Frameworks */ = {
			isa = PBXShellScriptBuildPhase;
			buildActionMask = 2147483647;
			files = (
			);
			inputFileListPaths = (
				"${PODS_ROOT}/Target Support Files/Pods-GTAModes/Pods-GTAModes-frameworks-${CONFIGURATION}-input-files.xcfilelist",
			);
			name = "[CP] Embed Pods Frameworks";
			outputFileListPaths = (
				"${PODS_ROOT}/Target Support Files/Pods-GTAModes/Pods-GTAModes-frameworks-${CONFIGURATION}-output-files.xcfilelist",
			);
			runOnlyForDeploymentPostprocessing = 0;
			shellPath = /bin/sh;
			shellScript = "\"${PODS_ROOT}/Target Support Files/Pods-GTAModes/Pods-GTAModes-frameworks.sh\"\n";
			showEnvVarsInLog = 0;
		};
/* End PBXShellScriptBuildPhase section */

/* Begin PBXSourcesBuildPhase section */
		2C2A20492A7170E1002A6D3C /* Sources */ = {
			isa = PBXSourcesBuildPhase;
			buildActionMask = 2147483647;
			files = (
				2CBFE4552A77E28400A50257 /* ActualFilterTabViewCell.swift in Sources */,
				2C45A5402A76A7A50023B3A8 /* ActualFilterViewController.swift in Sources */,
				12F217F32B85F03900BCE63B /* ActualMainViewCell.swift in Sources */,
				54ACC19A2BDF601A0090B73A /* ActualAllertManager.swift in Sources */,
				2C5CA6EA2A92514D005F9D24 /* ActualModObject.swift in Sources */,
				2C5CA6E82A924DFC005F9D24 /* ActualModesModel.swift in Sources */,
				120B3BF42BE22EFC00E9462B /* ActualFakeLoaderView.swift in Sources */,
				2C45A5392A76A7620023B3A8 /* ActualGameCheatsModel.swift in Sources */,
				2C2A20B72A7551E8002A6D3C /* ActualMainTabViewCell3862.swift in Sources */,
				2C45A5432A771A050023B3A8 /* ActualChecklistCell.swift in Sources */,
				2C45A5372A76A7550023B3A8 /* ActualGameCheatsViewController.swift in Sources */,
				12D432352BDD545700BD1EC7 /* ActualChecklistViewController.swift in Sources */,
				120B3BF62BE2313A00E9462B /* ActualFakeLoader.swift in Sources */,
				2CDEBF072A82F57100F976A3 /* ActualCustomNavigation_View.swift in Sources */,
				2C4F877A2A92DEB9006DC2CD /* ActualModesTabViewCell.swift in Sources */,
				120EEE5B2B88CCF400BE6D3F /* ActualModesInfoViewController.swift in Sources */,
				54ACC19C2BDF6F8D0090B73A /* ActualBlurBackController.swift in Sources */,
				2CDEBF042A82586500F976A3 /* ActualDBConstants3862.swift in Sources */,
				12F217F52B85FCE200BCE63B /* ActualMainViewControllerNew.swift in Sources */,
				2CA95FF82A84D4210039343E /* ActualCheatsObject.swift in Sources */,
				12D432282BDC268100BD1EC7 /* ActualChecklistChecker.swift in Sources */,
				2C45A53D2A76A7800023B3A8 /* ActualChecklistModel.swift in Sources */,
				2C7F39F42A7BF09800F575F7 /* ActualHeaderView.swift in Sources */,
				2C2A20762A7286EC002A6D3C /* ActualProjectFlowCoordinator3862.swift in Sources */,
				12F217F02B85D41100BCE63B /* ActualExtension.swift in Sources */,
				2C2A20512A7170E1002A6D3C /* ActualAppDelegate.swift in Sources */,
				2C2A20B92A7556BF002A6D3C /* ActualReusable.swift in Sources */,
				2C2A20732A7285AA002A6D3C /* ActualProjectMainFlowCoordinator.swift in Sources */,
				2C5CA6E62A924D78005F9D24 /* ActualModesViewController.swift in Sources */,
				2C51E73A2A8BD5590077C421 /* ActualProjectMissionObject.swift in Sources */,
				120EEE5F2B8C916600BE6D3F /* ActualHeaderViewNew.swift in Sources */,
				2C2A20532A7170E1002A6D3C /* SceneDelegate.swift in Sources */,
				2C7F39F62A7BF0BF00F575F7 /* ActualGameCheatsTabViewCell.swift in Sources */,
				2C2A20BE2A756AD4002A6D3C /* ActualGSViewController.swift in Sources */,
				2CBFE4572A77E38600A50257 /* ActualPPControllerPresent.swift in Sources */,
				120EEE532B88777D00BE6D3F /* ActualModesTabViewCellNew.swift in Sources */,
				2CBFE45B2A79080D00A50257 /* ActualGameMapViewController.swift in Sources */,
				120EEE462B86673100BE6D3F /* ActualProjectModelConteiner3862.swift in Sources */,
				12D4322B2BDCA43700BD1EC7 /* ActualChecklistButton.swift in Sources */,
				2CA95FFC2A8512470039343E /* ActualMainItemObject.swift in Sources */,
				2C2A20812A729337002A6D3C /* ActualNiblessViewController.swift in Sources */,
				12D432322BDD486A00BD1EC7 /* ActualCustomUniversalAlertView.swift in Sources */,
				2C2A20BB2A755AFA002A6D3C /* ActualAutolayout.swift in Sources */,
				2CBFE4592A77ECA200A50257 /* ActualPanPresentManager.swift in Sources */,
				2CDEBF032A82586500F976A3 /* ActualDropBoxManager.swift in Sources */,
				12D4322E2BDD1AF200BD1EC7 /* ActualLoaderView.swift in Sources */,
				1201B5722BA2B82C00B86035 /* ActualProjectTestNetwork3862.swift in Sources */,
				12097A782BA56D5600DACBED /* ActualCheckListCustomSwitcher.swift in Sources */,
				2C1CA42D2A8E70B200C89F79 /* ActualServicesManager.swift in Sources */,
				2C2A207B2A729267002A6D3C /* ActualMainViewController.swift in Sources */,
				12097A722BA4B09700DACBED /* ActualAllertController.swift in Sources */,
				2C1CA4712A8E714F00C89F79 /* ActualProjectConfiguration3862.swift in Sources */,
				2C2A20C02A756AE0002A6D3C /* ActualGSModel.swift in Sources */,
				2C2A207F2A72927E002A6D3C /* ActualMainModel.swift in Sources */,
			);
			runOnlyForDeploymentPostprocessing = 0;
		};
		2CB88FCF2A90CAC7006B9301 /* Sources */ = {
			isa = PBXSourcesBuildPhase;
			buildActionMask = 2147483647;
			files = (
				12D4322F2BDD1AF200BD1EC7 /* ActualLoaderView.swift in Sources */,
				12D432332BDD486A00BD1EC7 /* ActualCustomUniversalAlertView.swift in Sources */,
				12D432292BDC268100BD1EC7 /* ActualChecklistChecker.swift in Sources */,
				12D4322C2BDCA43700BD1EC7 /* ActualChecklistButton.swift in Sources */,
				2CB88FD62A90CAC7006B9301 /* NotificationService.swift in Sources */,
			);
			runOnlyForDeploymentPostprocessing = 0;
		};
/* End PBXSourcesBuildPhase section */

/* Begin PBXTargetDependency section */
		2CB88FD92A90CAC7006B9301 /* PBXTargetDependency */ = {
			isa = PBXTargetDependency;
			target = 2CB88FD22A90CAC7006B9301 /* NotificationService */;
			targetProxy = 2CB88FD82A90CAC7006B9301 /* PBXContainerItemProxy */;
		};
/* End PBXTargetDependency section */

/* Begin PBXVariantGroup section */
		2C2A205B2A7170E3002A6D3C /* LaunchScreen.storyboard */ = {
			isa = PBXVariantGroup;
			children = (
				2CBFE4472A77BE0200A50257 /* Base */,
			);
			name = LaunchScreen.storyboard;
			sourceTree = "<group>";
		};
/* End PBXVariantGroup section */

/* Begin XCBuildConfiguration section */
		2C2A205F2A7170E3002A6D3C /* Debug */ = {
			isa = XCBuildConfiguration;
			buildSettings = {
				ALWAYS_SEARCH_USER_PATHS = NO;
				CLANG_ANALYZER_NONNULL = YES;
				CLANG_ANALYZER_NUMBER_OBJECT_CONVERSION = YES_AGGRESSIVE;
				CLANG_CXX_LANGUAGE_STANDARD = "gnu++20";
				CLANG_ENABLE_MODULES = YES;
				CLANG_ENABLE_OBJC_ARC = YES;
				CLANG_ENABLE_OBJC_WEAK = YES;
				CLANG_WARN_BLOCK_CAPTURE_AUTORELEASING = YES;
				CLANG_WARN_BOOL_CONVERSION = YES;
				CLANG_WARN_COMMA = YES;
				CLANG_WARN_CONSTANT_CONVERSION = YES;
				CLANG_WARN_DEPRECATED_OBJC_IMPLEMENTATIONS = YES;
				CLANG_WARN_DIRECT_OBJC_ISA_USAGE = YES_ERROR;
				CLANG_WARN_DOCUMENTATION_COMMENTS = YES;
				CLANG_WARN_EMPTY_BODY = YES;
				CLANG_WARN_ENUM_CONVERSION = YES;
				CLANG_WARN_INFINITE_RECURSION = YES;
				CLANG_WARN_INT_CONVERSION = YES;
				CLANG_WARN_NON_LITERAL_NULL_CONVERSION = YES;
				CLANG_WARN_OBJC_IMPLICIT_RETAIN_SELF = YES;
				CLANG_WARN_OBJC_LITERAL_CONVERSION = YES;
				CLANG_WARN_OBJC_ROOT_CLASS = YES_ERROR;
				CLANG_WARN_QUOTED_INCLUDE_IN_FRAMEWORK_HEADER = YES;
				CLANG_WARN_RANGE_LOOP_ANALYSIS = YES;
				CLANG_WARN_STRICT_PROTOTYPES = YES;
				CLANG_WARN_SUSPICIOUS_MOVE = YES;
				CLANG_WARN_UNGUARDED_AVAILABILITY = YES_AGGRESSIVE;
				CLANG_WARN_UNREACHABLE_CODE = YES;
				CLANG_WARN__DUPLICATE_METHOD_MATCH = YES;
				COPY_PHASE_STRIP = NO;
				DEBUG_INFORMATION_FORMAT = dwarf;
				ENABLE_STRICT_OBJC_MSGSEND = YES;
				ENABLE_TESTABILITY = YES;
				GCC_C_LANGUAGE_STANDARD = gnu11;
				GCC_DYNAMIC_NO_PIC = NO;
				GCC_NO_COMMON_BLOCKS = YES;
				GCC_OPTIMIZATION_LEVEL = 0;
				GCC_PREPROCESSOR_DEFINITIONS = (
					"DEBUG=1",
					"$(inherited)",
				);
				GCC_WARN_64_TO_32_BIT_CONVERSION = YES;
				GCC_WARN_ABOUT_RETURN_TYPE = YES_ERROR;
				GCC_WARN_UNDECLARED_SELECTOR = YES;
				GCC_WARN_UNINITIALIZED_AUTOS = YES_AGGRESSIVE;
				GCC_WARN_UNUSED_FUNCTION = YES;
				GCC_WARN_UNUSED_VARIABLE = YES;
				IPHONEOS_DEPLOYMENT_TARGET = 13.0;
				MTL_ENABLE_DEBUG_INFO = INCLUDE_SOURCE;
				MTL_FAST_MATH = YES;
				ONLY_ACTIVE_ARCH = YES;
				SDKROOT = iphoneos;
				SWIFT_ACTIVE_COMPILATION_CONDITIONS = DEBUG;
				SWIFT_OPTIMIZATION_LEVEL = "-Onone";
			};
			name = Debug;
		};
		2C2A20602A7170E3002A6D3C /* Release */ = {
			isa = XCBuildConfiguration;
			buildSettings = {
				ALWAYS_SEARCH_USER_PATHS = NO;
				CLANG_ANALYZER_NONNULL = YES;
				CLANG_ANALYZER_NUMBER_OBJECT_CONVERSION = YES_AGGRESSIVE;
				CLANG_CXX_LANGUAGE_STANDARD = "gnu++20";
				CLANG_ENABLE_MODULES = YES;
				CLANG_ENABLE_OBJC_ARC = YES;
				CLANG_ENABLE_OBJC_WEAK = YES;
				CLANG_WARN_BLOCK_CAPTURE_AUTORELEASING = YES;
				CLANG_WARN_BOOL_CONVERSION = YES;
				CLANG_WARN_COMMA = YES;
				CLANG_WARN_CONSTANT_CONVERSION = YES;
				CLANG_WARN_DEPRECATED_OBJC_IMPLEMENTATIONS = YES;
				CLANG_WARN_DIRECT_OBJC_ISA_USAGE = YES_ERROR;
				CLANG_WARN_DOCUMENTATION_COMMENTS = YES;
				CLANG_WARN_EMPTY_BODY = YES;
				CLANG_WARN_ENUM_CONVERSION = YES;
				CLANG_WARN_INFINITE_RECURSION = YES;
				CLANG_WARN_INT_CONVERSION = YES;
				CLANG_WARN_NON_LITERAL_NULL_CONVERSION = YES;
				CLANG_WARN_OBJC_IMPLICIT_RETAIN_SELF = YES;
				CLANG_WARN_OBJC_LITERAL_CONVERSION = YES;
				CLANG_WARN_OBJC_ROOT_CLASS = YES_ERROR;
				CLANG_WARN_QUOTED_INCLUDE_IN_FRAMEWORK_HEADER = YES;
				CLANG_WARN_RANGE_LOOP_ANALYSIS = YES;
				CLANG_WARN_STRICT_PROTOTYPES = YES;
				CLANG_WARN_SUSPICIOUS_MOVE = YES;
				CLANG_WARN_UNGUARDED_AVAILABILITY = YES_AGGRESSIVE;
				CLANG_WARN_UNREACHABLE_CODE = YES;
				CLANG_WARN__DUPLICATE_METHOD_MATCH = YES;
				COPY_PHASE_STRIP = NO;
				DEBUG_INFORMATION_FORMAT = "dwarf-with-dsym";
				ENABLE_NS_ASSERTIONS = NO;
				ENABLE_STRICT_OBJC_MSGSEND = YES;
				GCC_C_LANGUAGE_STANDARD = gnu11;
				GCC_NO_COMMON_BLOCKS = YES;
				GCC_WARN_64_TO_32_BIT_CONVERSION = YES;
				GCC_WARN_ABOUT_RETURN_TYPE = YES_ERROR;
				GCC_WARN_UNDECLARED_SELECTOR = YES;
				GCC_WARN_UNINITIALIZED_AUTOS = YES_AGGRESSIVE;
				GCC_WARN_UNUSED_FUNCTION = YES;
				GCC_WARN_UNUSED_VARIABLE = YES;
				IPHONEOS_DEPLOYMENT_TARGET = 13.0;
				MTL_ENABLE_DEBUG_INFO = NO;
				MTL_FAST_MATH = YES;
				SDKROOT = iphoneos;
				SWIFT_COMPILATION_MODE = wholemodule;
				SWIFT_OPTIMIZATION_LEVEL = "-O";
				VALIDATE_PRODUCT = YES;
			};
			name = Release;
		};
		2C2A20622A7170E3002A6D3C /* Debug */ = {
			isa = XCBuildConfiguration;
			baseConfigurationReference = A7040E287D44240A115BA20F /* Pods-GTAModes.debug.xcconfig */;
			buildSettings = {
				ALWAYS_EMBED_SWIFT_STANDARD_LIBRARIES = YES;
				ASSETCATALOG_COMPILER_APPICON_NAME = AppIcon;
				ASSETCATALOG_COMPILER_GLOBAL_ACCENT_COLOR_NAME = AccentColor;
				CODE_SIGN_ENTITLEMENTS = GTAModes/GTAModes.entitlements;
				CODE_SIGN_IDENTITY = "Apple Development";
				CODE_SIGN_STYLE = Automatic;
				CURRENT_PROJECT_VERSION = 1;
				DEVELOPMENT_TEAM = 89SPL377XV;
				GENERATE_INFOPLIST_FILE = YES;
				INFOPLIST_FILE = GTAModes/Resources/Info.plist;
				INFOPLIST_KEY_CFBundleDisplayName = "My app for test";
				INFOPLIST_KEY_NSFileProviderDomainUsageDescription = "Your description of why you need access to Files app";
				INFOPLIST_KEY_NSUserTrackingUsageDescription = "Please allow us to track your in-app activity so that we can use data about your interactions with app features to improve app performance and provide you with personalized recommendations and content based on your preferences";
				INFOPLIST_KEY_UIApplicationSupportsIndirectInputEvents = YES;
				INFOPLIST_KEY_UILaunchStoryboardName = LaunchScreen;
				INFOPLIST_KEY_UIMainStoryboardFile = "";
				INFOPLIST_KEY_UIStatusBarStyle = UIStatusBarStyleLightContent;
				INFOPLIST_KEY_UISupportedInterfaceOrientations = UIInterfaceOrientationPortrait;
				INFOPLIST_KEY_UIUserInterfaceStyle = Light;
				IPHONEOS_DEPLOYMENT_TARGET = 15.0;
				LD_RUNPATH_SEARCH_PATHS = (
					"$(inherited)",
					"@executable_path/Frameworks",
				);
				MARKETING_VERSION = 1.0;
				PRODUCT_BUNDLE_IDENTIFIER = com.newbundle.webgeek;
				PRODUCT_NAME = "$(TARGET_NAME)";
				PROVISIONING_PROFILE_SPECIFIER = "";
				SUPPORTED_PLATFORMS = "iphoneos iphonesimulator";
				SUPPORTS_MACCATALYST = NO;
				SUPPORTS_MAC_DESIGNED_FOR_IPHONE_IPAD = YES;
				SWIFT_EMIT_LOC_STRINGS = YES;
				SWIFT_VERSION = 5.0;
				TARGETED_DEVICE_FAMILY = "1,2";
			};
			name = Debug;
		};
		2C2A20632A7170E3002A6D3C /* Release */ = {
			isa = XCBuildConfiguration;
			baseConfigurationReference = 0C14A4FEA062255A39CFF41A /* Pods-GTAModes.release.xcconfig */;
			buildSettings = {
				ALWAYS_EMBED_SWIFT_STANDARD_LIBRARIES = YES;
				ASSETCATALOG_COMPILER_APPICON_NAME = AppIcon;
				ASSETCATALOG_COMPILER_GLOBAL_ACCENT_COLOR_NAME = AccentColor;
				CODE_SIGN_ENTITLEMENTS = GTAModes/GTAModes.entitlements;
				CODE_SIGN_IDENTITY = "Apple Development";
				CODE_SIGN_STYLE = Automatic;
				CURRENT_PROJECT_VERSION = 1;
				DEVELOPMENT_TEAM = 89SPL377XV;
				GENERATE_INFOPLIST_FILE = YES;
				INFOPLIST_FILE = GTAModes/Resources/Info.plist;
				INFOPLIST_KEY_CFBundleDisplayName = "My app for test";
				INFOPLIST_KEY_NSFileProviderDomainUsageDescription = "Your description of why you need access to Files app";
				INFOPLIST_KEY_NSUserTrackingUsageDescription = "Please allow us to track your in-app activity so that we can use data about your interactions with app features to improve app performance and provide you with personalized recommendations and content based on your preferences";
				INFOPLIST_KEY_UIApplicationSupportsIndirectInputEvents = YES;
				INFOPLIST_KEY_UILaunchStoryboardName = LaunchScreen;
				INFOPLIST_KEY_UIMainStoryboardFile = "";
				INFOPLIST_KEY_UIStatusBarStyle = UIStatusBarStyleLightContent;
				INFOPLIST_KEY_UISupportedInterfaceOrientations = UIInterfaceOrientationPortrait;
				INFOPLIST_KEY_UIUserInterfaceStyle = Light;
				IPHONEOS_DEPLOYMENT_TARGET = 15.0;
				LD_RUNPATH_SEARCH_PATHS = (
					"$(inherited)",
					"@executable_path/Frameworks",
				);
				MARKETING_VERSION = 1.0;
				PRODUCT_BUNDLE_IDENTIFIER = com.newbundle.webgeek;
				PRODUCT_NAME = "$(TARGET_NAME)";
				PROVISIONING_PROFILE_SPECIFIER = "";
				SUPPORTED_PLATFORMS = "iphoneos iphonesimulator";
				SUPPORTS_MACCATALYST = NO;
				SUPPORTS_MAC_DESIGNED_FOR_IPHONE_IPAD = YES;
				SWIFT_EMIT_LOC_STRINGS = YES;
				SWIFT_VERSION = 5.0;
				TARGETED_DEVICE_FAMILY = "1,2";
			};
			name = Release;
		};
		2CB88FDC2A90CAC7006B9301 /* Debug */ = {
			isa = XCBuildConfiguration;
			buildSettings = {
				CODE_SIGN_ENTITLEMENTS = NotificationService/NotificationService.entitlements;
				CODE_SIGN_IDENTITY = "Apple Development";
				CODE_SIGN_STYLE = Automatic;
				CURRENT_PROJECT_VERSION = 1;
				DEVELOPMENT_TEAM = 89SPL377XV;
				GENERATE_INFOPLIST_FILE = YES;
				INFOPLIST_FILE = NotificationService/Info.plist;
				INFOPLIST_KEY_CFBundleDisplayName = NotificationService;
				INFOPLIST_KEY_NSHumanReadableCopyright = "";
				IPHONEOS_DEPLOYMENT_TARGET = 16.4;
				LD_RUNPATH_SEARCH_PATHS = (
					"$(inherited)",
					"@executable_path/Frameworks",
					"@executable_path/../../Frameworks",
				);
				MARKETING_VERSION = 1.0;
				PRODUCT_BUNDLE_IDENTIFIER = com.newbundle.webgeek.NotificationService;
				PRODUCT_NAME = "$(TARGET_NAME)";
				SKIP_INSTALL = YES;
				SWIFT_EMIT_LOC_STRINGS = YES;
				SWIFT_VERSION = 5.0;
				TARGETED_DEVICE_FAMILY = "1,2";
			};
			name = Debug;
		};
		2CB88FDD2A90CAC7006B9301 /* Release */ = {
			isa = XCBuildConfiguration;
			buildSettings = {
				CODE_SIGN_ENTITLEMENTS = NotificationService/NotificationService.entitlements;
				CODE_SIGN_IDENTITY = "Apple Development";
				CODE_SIGN_STYLE = Automatic;
				CURRENT_PROJECT_VERSION = 1;
				DEVELOPMENT_TEAM = 89SPL377XV;
				GENERATE_INFOPLIST_FILE = YES;
				INFOPLIST_FILE = NotificationService/Info.plist;
				INFOPLIST_KEY_CFBundleDisplayName = NotificationService;
				INFOPLIST_KEY_NSHumanReadableCopyright = "";
				IPHONEOS_DEPLOYMENT_TARGET = 16.4;
				LD_RUNPATH_SEARCH_PATHS = (
					"$(inherited)",
					"@executable_path/Frameworks",
					"@executable_path/../../Frameworks",
				);
				MARKETING_VERSION = 1.0;
				PRODUCT_BUNDLE_IDENTIFIER = com.newbundle.webgeek.NotificationService;
				PRODUCT_NAME = "$(TARGET_NAME)";
				SKIP_INSTALL = YES;
				SWIFT_EMIT_LOC_STRINGS = YES;
				SWIFT_VERSION = 5.0;
				TARGETED_DEVICE_FAMILY = "1,2";
			};
			name = Release;
		};
/* End XCBuildConfiguration section */

/* Begin XCConfigurationList section */
		2C2A20482A7170E1002A6D3C /* Build configuration list for PBXProject "GTAModes" */ = {
			isa = XCConfigurationList;
			buildConfigurations = (
				2C2A205F2A7170E3002A6D3C /* Debug */,
				2C2A20602A7170E3002A6D3C /* Release */,
			);
			defaultConfigurationIsVisible = 0;
			defaultConfigurationName = Release;
		};
		2C2A20612A7170E3002A6D3C /* Build configuration list for PBXNativeTarget "GTAModes" */ = {
			isa = XCConfigurationList;
			buildConfigurations = (
				2C2A20622A7170E3002A6D3C /* Debug */,
				2C2A20632A7170E3002A6D3C /* Release */,
			);
			defaultConfigurationIsVisible = 0;
			defaultConfigurationName = Release;
		};
		2CB88FDE2A90CAC7006B9301 /* Build configuration list for PBXNativeTarget "NotificationService" */ = {
			isa = XCConfigurationList;
			buildConfigurations = (
				2CB88FDC2A90CAC7006B9301 /* Debug */,
				2CB88FDD2A90CAC7006B9301 /* Release */,
			);
			defaultConfigurationIsVisible = 0;
			defaultConfigurationName = Release;
		};
/* End XCConfigurationList section */

/* Begin XCRemoteSwiftPackageReference section */
		12F217772B834E6A00BCE63B /* XCRemoteSwiftPackageReference "ios_sdk" */ = {
			isa = XCRemoteSwiftPackageReference;
			repositoryURL = "https://github.com/adjust/ios_sdk";
			requirement = {
				branch = master;
				kind = branch;
			};
		};
		2C0DC3752A8FADF800A03F44 /* XCRemoteSwiftPackageReference "Pushwoosh-XCFramework" */ = {
			isa = XCRemoteSwiftPackageReference;
			repositoryURL = "https://github.com/Pushwoosh/Pushwoosh-XCFramework.git";
			requirement = {
				branch = master;
				kind = branch;
			};
		};
		2C2A206D2A727E88002A6D3C /* XCRemoteSwiftPackageReference "realm-swift" */ = {
			isa = XCRemoteSwiftPackageReference;
			repositoryURL = "https://github.com/realm/realm-swift.git";
			requirement = {
				branch = master;
				kind = branch;
			};
		};
		2CA95FFD2A853D2B0039343E /* XCRemoteSwiftPackageReference "Kingfisher" */ = {
			isa = XCRemoteSwiftPackageReference;
			repositoryURL = "https://github.com/onevcat/Kingfisher.git";
			requirement = {
				kind = upToNextMajorVersion;
				minimumVersion = 7.0.0;
			};
		};
		2CC0DA522A90F0CA0083E7B6 /* XCRemoteSwiftPackageReference "firebase-ios-sdk" */ = {
			isa = XCRemoteSwiftPackageReference;
			repositoryURL = "https://github.com/firebase/firebase-ios-sdk";
			requirement = {
				kind = upToNextMajorVersion;
				minimumVersion = 10.0.0;
			};
		};
		2CDEBEDC2A80F1DD00F976A3 /* XCRemoteSwiftPackageReference "SwiftyDropbox" */ = {
			isa = XCRemoteSwiftPackageReference;
			repositoryURL = "https://github.com/dropbox/SwiftyDropbox";
			requirement = {
				kind = upToNextMajorVersion;
				minimumVersion = 9.0.0;
			};
		};
/* End XCRemoteSwiftPackageReference section */

/* Begin XCSwiftPackageProductDependency section */
		2C0DC3762A8FADF800A03F44 /* Pushwoosh */ = {
			isa = XCSwiftPackageProductDependency;
			package = 2C0DC3752A8FADF800A03F44 /* XCRemoteSwiftPackageReference "Pushwoosh-XCFramework" */;
			productName = Pushwoosh;
		};
		2C2A206E2A727E88002A6D3C /* RealmSwift */ = {
			isa = XCSwiftPackageProductDependency;
			package = 2C2A206D2A727E88002A6D3C /* XCRemoteSwiftPackageReference "realm-swift" */;
			productName = RealmSwift;
		};
		2CA95FFF2A853F870039343E /* Kingfisher */ = {
			isa = XCSwiftPackageProductDependency;
			package = 2CA95FFD2A853D2B0039343E /* XCRemoteSwiftPackageReference "Kingfisher" */;
			productName = Kingfisher;
		};
		2CC0DA532A90F0CA0083E7B6 /* FirebaseAnalytics */ = {
			isa = XCSwiftPackageProductDependency;
			package = 2CC0DA522A90F0CA0083E7B6 /* XCRemoteSwiftPackageReference "firebase-ios-sdk" */;
			productName = FirebaseAnalytics;
		};
		2CC0DA552A90F0CA0083E7B6 /* FirebaseAnalyticsOnDeviceConversion */ = {
			isa = XCSwiftPackageProductDependency;
			package = 2CC0DA522A90F0CA0083E7B6 /* XCRemoteSwiftPackageReference "firebase-ios-sdk" */;
			productName = FirebaseAnalyticsOnDeviceConversion;
		};
		2CC0DA572A90F0CA0083E7B6 /* FirebaseAnalyticsSwift */ = {
			isa = XCSwiftPackageProductDependency;
			package = 2CC0DA522A90F0CA0083E7B6 /* XCRemoteSwiftPackageReference "firebase-ios-sdk" */;
			productName = FirebaseAnalyticsSwift;
		};
		2CC0DA592A90F0CA0083E7B6 /* FirebaseAnalyticsWithoutAdIdSupport */ = {
			isa = XCSwiftPackageProductDependency;
			package = 2CC0DA522A90F0CA0083E7B6 /* XCRemoteSwiftPackageReference "firebase-ios-sdk" */;
			productName = FirebaseAnalyticsWithoutAdIdSupport;
		};
		2CDEBEDD2A80F1DD00F976A3 /* SwiftyDropbox */ = {
			isa = XCSwiftPackageProductDependency;
			package = 2CDEBEDC2A80F1DD00F976A3 /* XCRemoteSwiftPackageReference "SwiftyDropbox" */;
			productName = SwiftyDropbox;
		};
/* End XCSwiftPackageProductDependency section */
	};
	rootObject = 2C2A20452A7170E1002A6D3C /* Project object */;
}
